{
  "name": "tailer",
  "version": "1.0.0",
  "lockfileVersion": 1,
  "requires": true,
  "dependencies": {
    "@logdna/tail-file": {
      "version": "2.0.0",
      "resolved": "https://registry.npmjs.org/@logdna/tail-file/-/tail-file-2.0.0.tgz",
      "integrity": "sha512-onvLQt8VQKyJ4S1fGgsjX3Kv0lGmPPOXyxExuOkOBQomcoUufJELPzeKKZbRvAM5PWcoBHuNvzOY4R+fErPHrQ=="
    }
  }
}
